
Microsoft Visual Studio Solution File, Format Version 12.00
# Visual Studio 14
VisualStudioVersion = 14.0.25420.1
MinimumVisualStudioVersion = 10.0.40219.1
Project("{FAE04EC0-301F-11D3-BF4B-00C04F79EFBC}") = "BCS.MotorActivacion.BusinessLogicLayer", "BCS.MotorActivacion.BusinessLogicLayer\BCS.MotorActivacion.BusinessLogicLayer.csproj", "{9E929999-0711-48D6-836F-BD67AEB16D7C}"
EndProject
Project("{FAE04EC0-301F-11D3-BF4B-00C04F79EFBC}") = "BCS.MotorActivacion.DataAccessLayer", "BCS.MotorActivacion.DataAccessLayer\BCS.MotorActivacion.DataAccessLayer.csproj", "{CD095D98-6341-4E7B-A793-DD381111C56F}"
EndProject
Project("{FAE04EC0-301F-11D3-BF4B-00C04F79EFBC}") = "BCS.MotorActivacion.WebPresentationLayer", "BCS.MotorActivacion.WebPresentationLayer\BCS.MotorActivacion.WebPresentationLayer.csproj", "{8E02816E-0EFA-427D-B4BB-545A51AC559C}"
EndProject
Project("{F184B08F-C81C-45F6-A57F-5ABD9991F28F}") = "DotNetDAL", "..\..\dotnetdal\DotNetDAL.vbproj", "{3010A67A-CB2C-4D60-A6FF-8AFABBA1D22C}"
EndProject
Project("{F184B08F-C81C-45F6-A57F-5ABD9991F28F}") = "DotNetResponse", "..\..\dotnetresponse\DotNetResponse.vbproj", "{02354551-4498-4436-AC01-6342B2E98D93}"
EndProject
Global
	GlobalSection(SolutionConfigurationPlatforms) = preSolution
		Debug|Any CPU = Debug|Any CPU
		Release|Any CPU = Release|Any CPU
	EndGlobalSection
	GlobalSection(ProjectConfigurationPlatforms) = postSolution
		{9E929999-0711-48D6-836F-BD67AEB16D7C}.Debug|Any CPU.ActiveCfg = Debug|Any CPU
		{9E929999-0711-48D6-836F-BD67AEB16D7C}.Debug|Any CPU.Build.0 = Debug|Any CPU
		{9E929999-0711-48D6-836F-BD67AEB16D7C}.Release|Any CPU.ActiveCfg = Release|Any CPU
		{9E929999-0711-48D6-836F-BD67AEB16D7C}.Release|Any CPU.Build.0 = Release|Any CPU
		{CD095D98-6341-4E7B-A793-DD381111C56F}.Debug|Any CPU.ActiveCfg = Debug|Any CPU
		{CD095D98-6341-4E7B-A793-DD381111C56F}.Debug|Any CPU.Build.0 = Debug|Any CPU
		{CD095D98-6341-4E7B-A793-DD381111C56F}.Release|Any CPU.ActiveCfg = Release|Any CPU
		{CD095D98-6341-4E7B-A793-DD381111C56F}.Release|Any CPU.Build.0 = Release|Any CPU
		{8E02816E-0EFA-427D-B4BB-545A51AC559C}.Debug|Any CPU.ActiveCfg = Debug|Any CPU
		{8E02816E-0EFA-427D-B4BB-545A51AC559C}.Debug|Any CPU.Build.0 = Debug|Any CPU
		{8E02816E-0EFA-427D-B4BB-545A51AC559C}.Release|Any CPU.ActiveCfg = Release|Any CPU
		{8E02816E-0EFA-427D-B4BB-545A51AC559C}.Release|Any CPU.Build.0 = Release|Any CPU
		{3010A67A-CB2C-4D60-A6FF-8AFABBA1D22C}.Debug|Any CPU.ActiveCfg = Debug|Any CPU
		{3010A67A-CB2C-4D60-A6FF-8AFABBA1D22C}.Debug|Any CPU.Build.0 = Debug|Any CPU
		{3010A67A-CB2C-4D60-A6FF-8AFABBA1D22C}.Release|Any CPU.ActiveCfg = Release|Any CPU
		{3010A67A-CB2C-4D60-A6FF-8AFABBA1D22C}.Release|Any CPU.Build.0 = Release|Any CPU
		{02354551-4498-4436-AC01-6342B2E98D93}.Debug|Any CPU.ActiveCfg = Debug|Any CPU
		{02354551-4498-4436-AC01-6342B2E98D93}.Debug|Any CPU.Build.0 = Debug|Any CPU
		{02354551-4498-4436-AC01-6342B2E98D93}.Release|Any CPU.ActiveCfg = Release|Any CPU
		{02354551-4498-4436-AC01-6342B2E98D93}.Release|Any CPU.Build.0 = Release|Any CPU
	EndGlobalSection
	GlobalSection(SolutionProperties) = preSolution
		HideSolutionNode = FALSE
	EndGlobalSection
EndGlobal
